
Microsoft Visual Studio Solution File, Format Version 12.00
# Visual Studio Version 17
VisualStudioVersion = 17.3.32901.215
MinimumVisualStudioVersion = 10.0.40219.1
Project("{9A19103F-16F7-4668-BE54-9A1E7A4F7556}") = "AARP_BE", "AARP_BE.csproj", "{8429D192-4599-400A-B92D-CDD3337DA4EA}"
EndProject
Project("{9A19103F-16F7-4668-BE54-9A1E7A4F7556}") = "AARP_UT", "..\..\AARP_UT\AARP_UT.csproj", "{CF0C6883-A385-4EFF-803B-537E91A22BB4}"
EndProject
Global
	GlobalSection(SolutionConfigurationPlatforms) = preSolution
		Debug|Any CPU = Debug|Any CPU
		Release|Any CPU = Release|Any CPU
	EndGlobalSection
	GlobalSection(ProjectConfigurationPlatforms) = postSolution
		{8429D192-4599-400A-B92D-CDD3337DA4EA}.Debug|Any CPU.ActiveCfg = Debug|Any CPU
		{8429D192-4599-400A-B92D-CDD3337DA4EA}.Debug|Any CPU.Build.0 = Debug|Any CPU
		{8429D192-4599-400A-B92D-CDD3337DA4EA}.Release|Any CPU.ActiveCfg = Release|Any CPU
		{8429D192-4599-400A-B92D-CDD3337DA4EA}.Release|Any CPU.Build.0 = Release|Any CPU
		{CF0C6883-A385-4EFF-803B-537E91A22BB4}.Debug|Any CPU.ActiveCfg = Debug|Any CPU
		{CF0C6883-A385-4EFF-803B-537E91A22BB4}.Debug|Any CPU.Build.0 = Debug|Any CPU
		{CF0C6883-A385-4EFF-803B-537E91A22BB4}.Release|Any CPU.ActiveCfg = Release|Any CPU
		{CF0C6883-A385-4EFF-803B-537E91A22BB4}.Release|Any CPU.Build.0 = Release|Any CPU
	EndGlobalSection
	GlobalSection(SolutionProperties) = preSolution
		HideSolutionNode = FALSE
	EndGlobalSection
	GlobalSection(ExtensibilityGlobals) = postSolution
		SolutionGuid = {F7AFF0B2-688A-4596-BEBA-E4AC72075666}
	EndGlobalSection
EndGlobal
